
Microsoft Visual Studio Solution File, Format Version 12.00
# Visual Studio Version 17
VisualStudioVersion = 17.8.34511.84
MinimumVisualStudioVersion = 10.0.40219.1
Project("{FAE04EC0-301F-11D3-BF4B-00C04F79EFBC}") = "EditNumbersAndSort", "EditNumbersAndSort\EditNumbersAndSort.csproj", "{AF647746-9E99-406F-83AB-069A1EF66F05}"
EndProject
Global
	GlobalSection(SolutionConfigurationPlatforms) = preSolution
		Debug|Any CPU = Debug|Any CPU
		Release|Any CPU = Release|Any CPU
	EndGlobalSection
	GlobalSection(ProjectConfigurationPlatforms) = postSolution
		{AF647746-9E99-406F-83AB-069A1EF66F05}.Debug|Any CPU.ActiveCfg = Debug|Any CPU
		{AF647746-9E99-406F-83AB-069A1EF66F05}.Debug|Any CPU.Build.0 = Debug|Any CPU
		{AF647746-9E99-406F-83AB-069A1EF66F05}.Release|Any CPU.ActiveCfg = Release|Any CPU
		{AF647746-9E99-406F-83AB-069A1EF66F05}.Release|Any CPU.Build.0 = Release|Any CPU
	EndGlobalSection
	GlobalSection(SolutionProperties) = preSolution
		HideSolutionNode = FALSE
	EndGlobalSection
	GlobalSection(ExtensibilityGlobals) = postSolution
		SolutionGuid = {CAFB0A42-9933-4333-A7F1-21C5BE5AA6CF}
	EndGlobalSection
EndGlobal
